# THIS IS AN AUTOGENERATED FILE. DO NOT EDIT THIS FILE DIRECTLY.
# yarn lockfile v1


ssr-window@^4.0.2:
  version "4.0.2"
  resolved "https://registry.yarnpkg.com/ssr-window/-/ssr-window-4.0.2.tgz#dc6b3ee37be86ac0e3ddc60030f7b3bc9b8553be"
  integrity sha512-ISv/Ch+ig7SOtw7G2+qkwfVASzazUnvlDTwypdLoPoySv+6MqlOV10VwPSE6EWkGjhW50lUmghPmpYZXMu/+AQ==

swiper@^9.2.3:
  version "9.2.3"
  resolved "https://registry.yarnpkg.com/swiper/-/swiper-9.2.3.tgz#557b5872f711de0e9a80c8cb2901c645f7937b19"
  integrity sha512-hxqcjIsYPP1fv+KIXPqGywl6ik8RBp0y0i9+TOIh55ca6SpZ5FrgNJ4QXPhsl6mlSBMEYPmh5zOKtZpI8zpWeQ==
  dependencies:
    ssr-window "^4.0.2"
